
Microsoft Visual Studio Solution File, Format Version 12.00
# Visual Studio Version 17
VisualStudioVersion = 17.5.002.0
MinimumVisualStudioVersion = 10.0.40219.1
Project("{2150E333-8FDC-42A3-9474-1A3956D46DE8}") = "Unidad 1", "Unidad 1", "{EB098198-3247-47BC-A1CC-DCDC2A0ED197}"
EndProject
Project("{9A19103F-16F7-4668-BE54-9A1E7A4F7556}") = "ejercicio2", "Unidad 1\ejercicio2\ejercicio2.csproj", "{E8BF517C-F10E-4C7B-BDCF-03F9C6466389}"
EndProject
Project("{9A19103F-16F7-4668-BE54-9A1E7A4F7556}") = "ejercicio3", "Unidad 1\ejercicio3\ejercicio3.csproj", "{C3D501B7-BEDF-4216-90BB-A24EAA80EC99}"
EndProject
Project("{9A19103F-16F7-4668-BE54-9A1E7A4F7556}") = "ejercicio4", "Unidad 1\ejercicio4\ejercicio4.csproj", "{F3CB42B4-D57A-4307-A7F4-036D77AEFCDD}"
EndProject
Project("{9A19103F-16F7-4668-BE54-9A1E7A4F7556}") = "ejercicio5", "Unidad 1\ejercicio5\ejercicio5.csproj", "{3F756292-05FF-4D3B-93CA-DCF740794E0C}"
EndProject
Project("{9A19103F-16F7-4668-BE54-9A1E7A4F7556}") = "primer_programa", "Unidad 1\primer_programa\primer_programa.csproj", "{DB5480C7-105E-441C-8C47-359055D74A9C}"
EndProject
Project("{9A19103F-16F7-4668-BE54-9A1E7A4F7556}") = "programaUno", "Unidad 1\programaUno\programaUno.csproj", "{AA0718D2-E01E-41C3-887E-BA72A28A6B9D}"
EndProject
Project("{2150E333-8FDC-42A3-9474-1A3956D46DE8}") = "Unidad 2", "Unidad 2", "{FD492A6E-4DAA-4789-B081-7CDC9030A0CD}"
EndProject
Project("{9A19103F-16F7-4668-BE54-9A1E7A4F7556}") = "ejemploAcumuladores", "Unidad 2\ejemploAcumuladores\ejemploAcumuladores.csproj", "{C3769310-672A-460D-B154-1998F6046051}"
EndProject
Project("{9A19103F-16F7-4668-BE54-9A1E7A4F7556}") = "ejemplosUnidad2", "Unidad 2\ejemplosUnidad2\ejemplosUnidad2.csproj", "{EA4B4E77-05C4-4508-BEE3-CFFB2CA4C27E}"
EndProject
Project("{9A19103F-16F7-4668-BE54-9A1E7A4F7556}") = "ejerciciosTres", "Unidad 2\ejerciciosTres\ejerciciosTres.csproj", "{6DBA8B94-8EC3-45EE-8927-A3B10DD109CF}"
EndProject
Project("{2150E333-8FDC-42A3-9474-1A3956D46DE8}") = "Unidad 3", "Unidad 3", "{FE3F31BB-3627-4A9A-B2F5-D2897BE29657}"
EndProject
Project("{9A19103F-16F7-4668-BE54-9A1E7A4F7556}") = "operadoresLogicos", "Unidad 3\operadoresLogicos\operadoresLogicos.csproj", "{7DAA677B-1CD8-4D17-8E0B-88505E77BEEF}"
EndProject
Global
	GlobalSection(SolutionConfigurationPlatforms) = preSolution
		Debug|Any CPU = Debug|Any CPU
		Release|Any CPU = Release|Any CPU
	EndGlobalSection
	GlobalSection(ProjectConfigurationPlatforms) = postSolution
		{E8BF517C-F10E-4C7B-BDCF-03F9C6466389}.Debug|Any CPU.ActiveCfg = Debug|Any CPU
		{E8BF517C-F10E-4C7B-BDCF-03F9C6466389}.Debug|Any CPU.Build.0 = Debug|Any CPU
		{E8BF517C-F10E-4C7B-BDCF-03F9C6466389}.Release|Any CPU.ActiveCfg = Release|Any CPU
		{E8BF517C-F10E-4C7B-BDCF-03F9C6466389}.Release|Any CPU.Build.0 = Release|Any CPU
		{C3D501B7-BEDF-4216-90BB-A24EAA80EC99}.Debug|Any CPU.ActiveCfg = Debug|Any CPU
		{C3D501B7-BEDF-4216-90BB-A24EAA80EC99}.Debug|Any CPU.Build.0 = Debug|Any CPU
		{C3D501B7-BEDF-4216-90BB-A24EAA80EC99}.Release|Any CPU.ActiveCfg = Release|Any CPU
		{C3D501B7-BEDF-4216-90BB-A24EAA80EC99}.Release|Any CPU.Build.0 = Release|Any CPU
		{F3CB42B4-D57A-4307-A7F4-036D77AEFCDD}.Debug|Any CPU.ActiveCfg = Debug|Any CPU
		{F3CB42B4-D57A-4307-A7F4-036D77AEFCDD}.Debug|Any CPU.Build.0 = Debug|Any CPU
		{F3CB42B4-D57A-4307-A7F4-036D77AEFCDD}.Release|Any CPU.ActiveCfg = Release|Any CPU
		{F3CB42B4-D57A-4307-A7F4-036D77AEFCDD}.Release|Any CPU.Build.0 = Release|Any CPU
		{3F756292-05FF-4D3B-93CA-DCF740794E0C}.Debug|Any CPU.ActiveCfg = Debug|Any CPU
		{3F756292-05FF-4D3B-93CA-DCF740794E0C}.Debug|Any CPU.Build.0 = Debug|Any CPU
		{3F756292-05FF-4D3B-93CA-DCF740794E0C}.Release|Any CPU.ActiveCfg = Release|Any CPU
		{3F756292-05FF-4D3B-93CA-DCF740794E0C}.Release|Any CPU.Build.0 = Release|Any CPU
		{DB5480C7-105E-441C-8C47-359055D74A9C}.Debug|Any CPU.ActiveCfg = Debug|Any CPU
		{DB5480C7-105E-441C-8C47-359055D74A9C}.Debug|Any CPU.Build.0 = Debug|Any CPU
		{DB5480C7-105E-441C-8C47-359055D74A9C}.Release|Any CPU.ActiveCfg = Release|Any CPU
		{DB5480C7-105E-441C-8C47-359055D74A9C}.Release|Any CPU.Build.0 = Release|Any CPU
		{AA0718D2-E01E-41C3-887E-BA72A28A6B9D}.Debug|Any CPU.ActiveCfg = Debug|Any CPU
		{AA0718D2-E01E-41C3-887E-BA72A28A6B9D}.Debug|Any CPU.Build.0 = Debug|Any CPU
		{AA0718D2-E01E-41C3-887E-BA72A28A6B9D}.Release|Any CPU.ActiveCfg = Release|Any CPU
		{AA0718D2-E01E-41C3-887E-BA72A28A6B9D}.Release|Any CPU.Build.0 = Release|Any CPU
		{C3769310-672A-460D-B154-1998F6046051}.Debug|Any CPU.ActiveCfg = Debug|Any CPU
		{C3769310-672A-460D-B154-1998F6046051}.Debug|Any CPU.Build.0 = Debug|Any CPU
		{C3769310-672A-460D-B154-1998F6046051}.Release|Any CPU.ActiveCfg = Release|Any CPU
		{C3769310-672A-460D-B154-1998F6046051}.Release|Any CPU.Build.0 = Release|Any CPU
		{EA4B4E77-05C4-4508-BEE3-CFFB2CA4C27E}.Debug|Any CPU.ActiveCfg = Debug|Any CPU
		{EA4B4E77-05C4-4508-BEE3-CFFB2CA4C27E}.Debug|Any CPU.Build.0 = Debug|Any CPU
		{EA4B4E77-05C4-4508-BEE3-CFFB2CA4C27E}.Release|Any CPU.ActiveCfg = Release|Any CPU
		{EA4B4E77-05C4-4508-BEE3-CFFB2CA4C27E}.Release|Any CPU.Build.0 = Release|Any CPU
		{6DBA8B94-8EC3-45EE-8927-A3B10DD109CF}.Debug|Any CPU.ActiveCfg = Debug|Any CPU
		{6DBA8B94-8EC3-45EE-8927-A3B10DD109CF}.Debug|Any CPU.Build.0 = Debug|Any CPU
		{6DBA8B94-8EC3-45EE-8927-A3B10DD109CF}.Release|Any CPU.ActiveCfg = Release|Any CPU
		{6DBA8B94-8EC3-45EE-8927-A3B10DD109CF}.Release|Any CPU.Build.0 = Release|Any CPU
		{7DAA677B-1CD8-4D17-8E0B-88505E77BEEF}.Debug|Any CPU.ActiveCfg = Debug|Any CPU
		{7DAA677B-1CD8-4D17-8E0B-88505E77BEEF}.Debug|Any CPU.Build.0 = Debug|Any CPU
		{7DAA677B-1CD8-4D17-8E0B-88505E77BEEF}.Release|Any CPU.ActiveCfg = Release|Any CPU
		{7DAA677B-1CD8-4D17-8E0B-88505E77BEEF}.Release|Any CPU.Build.0 = Release|Any CPU
	EndGlobalSection
	GlobalSection(SolutionProperties) = preSolution
		HideSolutionNode = FALSE
	EndGlobalSection
	GlobalSection(NestedProjects) = preSolution
		{E8BF517C-F10E-4C7B-BDCF-03F9C6466389} = {EB098198-3247-47BC-A1CC-DCDC2A0ED197}
		{C3D501B7-BEDF-4216-90BB-A24EAA80EC99} = {EB098198-3247-47BC-A1CC-DCDC2A0ED197}
		{F3CB42B4-D57A-4307-A7F4-036D77AEFCDD} = {EB098198-3247-47BC-A1CC-DCDC2A0ED197}
		{3F756292-05FF-4D3B-93CA-DCF740794E0C} = {EB098198-3247-47BC-A1CC-DCDC2A0ED197}
		{DB5480C7-105E-441C-8C47-359055D74A9C} = {EB098198-3247-47BC-A1CC-DCDC2A0ED197}
		{AA0718D2-E01E-41C3-887E-BA72A28A6B9D} = {EB098198-3247-47BC-A1CC-DCDC2A0ED197}
		{C3769310-672A-460D-B154-1998F6046051} = {FD492A6E-4DAA-4789-B081-7CDC9030A0CD}
		{EA4B4E77-05C4-4508-BEE3-CFFB2CA4C27E} = {FD492A6E-4DAA-4789-B081-7CDC9030A0CD}
		{6DBA8B94-8EC3-45EE-8927-A3B10DD109CF} = {FD492A6E-4DAA-4789-B081-7CDC9030A0CD}
		{7DAA677B-1CD8-4D17-8E0B-88505E77BEEF} = {FE3F31BB-3627-4A9A-B2F5-D2897BE29657}
	EndGlobalSection
	GlobalSection(ExtensibilityGlobals) = postSolution
		SolutionGuid = {F15D078C-8920-44BD-8541-5DF6F676BD60}
	EndGlobalSection
EndGlobal
